
Microsoft Visual Studio Solution File, Format Version 12.00
# Visual Studio Version 17
VisualStudioVersion = 17.5.33516.290
MinimumVisualStudioVersion = 10.0.40219.1
Project("{9A19103F-16F7-4668-BE54-9A1E7A4F7556}") = "SierraTakeHome.API", "SierraTakeHome.API\SierraTakeHome.API.csproj", "{D43CFF97-6846-4C65-8BC4-F490AB8098C9}"
EndProject
Project("{FAE04EC0-301F-11D3-BF4B-00C04F79EFBC}") = "SierraTakeHome.Core", "SierraTakeHome.Core\SierraTakeHome.Core.csproj", "{F1F34254-526E-46DC-964B-55E49B5B3317}"
EndProject
Project("{FAE04EC0-301F-11D3-BF4B-00C04F79EFBC}") = "SierraTakeHome.Application", "SierraTakeHome.Application\SierraTakeHome.Application.csproj", "{9891C7CE-8518-4EF8-B8F6-3CCD711133DA}"
EndProject
Global
	GlobalSection(SolutionConfigurationPlatforms) = preSolution
		Debug|Any CPU = Debug|Any CPU
		Release|Any CPU = Release|Any CPU
	EndGlobalSection
	GlobalSection(ProjectConfigurationPlatforms) = postSolution
		{D43CFF97-6846-4C65-8BC4-F490AB8098C9}.Debug|Any CPU.ActiveCfg = Debug|Any CPU
		{D43CFF97-6846-4C65-8BC4-F490AB8098C9}.Debug|Any CPU.Build.0 = Debug|Any CPU
		{D43CFF97-6846-4C65-8BC4-F490AB8098C9}.Release|Any CPU.ActiveCfg = Release|Any CPU
		{D43CFF97-6846-4C65-8BC4-F490AB8098C9}.Release|Any CPU.Build.0 = Release|Any CPU
		{F1F34254-526E-46DC-964B-55E49B5B3317}.Debug|Any CPU.ActiveCfg = Debug|Any CPU
		{F1F34254-526E-46DC-964B-55E49B5B3317}.Debug|Any CPU.Build.0 = Debug|Any CPU
		{F1F34254-526E-46DC-964B-55E49B5B3317}.Release|Any CPU.ActiveCfg = Release|Any CPU
		{F1F34254-526E-46DC-964B-55E49B5B3317}.Release|Any CPU.Build.0 = Release|Any CPU
		{9891C7CE-8518-4EF8-B8F6-3CCD711133DA}.Debug|Any CPU.ActiveCfg = Debug|Any CPU
		{9891C7CE-8518-4EF8-B8F6-3CCD711133DA}.Debug|Any CPU.Build.0 = Debug|Any CPU
		{9891C7CE-8518-4EF8-B8F6-3CCD711133DA}.Release|Any CPU.ActiveCfg = Release|Any CPU
		{9891C7CE-8518-4EF8-B8F6-3CCD711133DA}.Release|Any CPU.Build.0 = Release|Any CPU
	EndGlobalSection
	GlobalSection(SolutionProperties) = preSolution
		HideSolutionNode = FALSE
	EndGlobalSection
	GlobalSection(ExtensibilityGlobals) = postSolution
		SolutionGuid = {F248DCC5-4B01-4133-B3D3-A54A358779DC}
	EndGlobalSection
EndGlobal
